// !$*UTF8*$!
{
	archiveVersion = 1;
	classes = {
	};
	objectVersion = 46;
	objects = {

/* Begin PBXBuildFile section */
		841005A61FE0562E00A48CC3 /* AppDelegate.swift in Sources */ = {isa = PBXBuildFile; fileRef = 841005A51FE0562E00A48CC3 /* AppDelegate.swift */; };
		841005BB1FE0562E00A48CC3 /* PaintedManTests.swift in Sources */ = {isa = PBXBuildFile; fileRef = 841005BA1FE0562E00A48CC3 /* PaintedManTests.swift */; };
		841005C61FE0562E00A48CC3 /* PaintedManUITests.swift in Sources */ = {isa = PBXBuildFile; fileRef = 841005C51FE0562E00A48CC3 /* PaintedManUITests.swift */; };
		844DC7BA2175E41F002478DE /* Const.swift in Sources */ = {isa = PBXBuildFile; fileRef = 844DC7B92175E41F002478DE /* Const.swift */; };
		849F26F825C9B13500960F4C /* GamePauseViewController.swift in Sources */ = {isa = PBXBuildFile; fileRef = 849F26F125C9B13500960F4C /* GamePauseViewController.swift */; };
		849F26F925C9B13500960F4C /* PowerUpController.swift in Sources */ = {isa = PBXBuildFile; fileRef = 849F26F225C9B13500960F4C /* PowerUpController.swift */; };
		849F26FA25C9B13500960F4C /* ModeViewController.swift in Sources */ = {isa = PBXBuildFile; fileRef = 849F26F325C9B13500960F4C /* ModeViewController.swift */; };
		849F26FB25C9B13500960F4C /* CampaignViewController.swift in Sources */ = {isa = PBXBuildFile; fileRef = 849F26F425C9B13500960F4C /* CampaignViewController.swift */; };
		849F26FC25C9B13500960F4C /* BestViewController.swift in Sources */ = {isa = PBXBuildFile; fileRef = 849F26F525C9B13500960F4C /* BestViewController.swift */; };
		849F26FD25C9B13500960F4C /* MainViewController.swift in Sources */ = {isa = PBXBuildFile; fileRef = 849F26F625C9B13500960F4C /* MainViewController.swift */; };
		849F26FE25C9B13500960F4C /* GameController.swift in Sources */ = {isa = PBXBuildFile; fileRef = 849F26F725C9B13500960F4C /* GameController.swift */; };
		849F270C25C9B2A800960F4C /* EnemyGenerator.swift in Sources */ = {isa = PBXBuildFile; fileRef = 849F270525C9B2A800960F4C /* EnemyGenerator.swift */; };
		849F270D25C9B2A800960F4C /* GameScene.swift in Sources */ = {isa = PBXBuildFile; fileRef = 849F270625C9B2A800960F4C /* GameScene.swift */; };
		849F270E25C9B2A800960F4C /* GameSceneCatch.swift in Sources */ = {isa = PBXBuildFile; fileRef = 849F270725C9B2A800960F4C /* GameSceneCatch.swift */; };
		849F270F25C9B2A800960F4C /* GameSceneSurvive.swift in Sources */ = {isa = PBXBuildFile; fileRef = 849F270825C9B2A800960F4C /* GameSceneSurvive.swift */; };
		849F271025C9B2A800960F4C /* GameScenePunch.swift in Sources */ = {isa = PBXBuildFile; fileRef = 849F270925C9B2A800960F4C /* GameScenePunch.swift */; };
		849F271125C9B2A800960F4C /* LevelDelegate.swift in Sources */ = {isa = PBXBuildFile; fileRef = 849F270A25C9B2A800960F4C /* LevelDelegate.swift */; };
		849F271225C9B2A800960F4C /* GameConst.swift in Sources */ = {isa = PBXBuildFile; fileRef = 849F270B25C9B2A800960F4C /* GameConst.swift */; };
		849F272B25C9B31400960F4C /* BonusBubble.swift in Sources */ = {isa = PBXBuildFile; fileRef = 849F271E25C9B31400960F4C /* BonusBubble.swift */; };
		849F272C25C9B31400960F4C /* CorpsePunch.swift in Sources */ = {isa = PBXBuildFile; fileRef = 849F271F25C9B31400960F4C /* CorpsePunch.swift */; };
		849F272D25C9B31400960F4C /* Corpse.swift in Sources */ = {isa = PBXBuildFile; fileRef = 849F272025C9B31400960F4C /* Corpse.swift */; };
		849F272E25C9B31400960F4C /* CorpseCatch.swift in Sources */ = {isa = PBXBuildFile; fileRef = 849F272125C9B31400960F4C /* CorpseCatch.swift */; };
		849F272F25C9B31400960F4C /* Gun.swift in Sources */ = {isa = PBXBuildFile; fileRef = 849F272225C9B31400960F4C /* Gun.swift */; };
		849F273025C9B31400960F4C /* BulletSuper.swift in Sources */ = {isa = PBXBuildFile; fileRef = 849F272425C9B31400960F4C /* BulletSuper.swift */; };
		849F273125C9B31400960F4C /* Bullet.swift in Sources */ = {isa = PBXBuildFile; fileRef = 849F272525C9B31400960F4C /* Bullet.swift */; };
		849F273225C9B31400960F4C /* GunCatch.swift in Sources */ = {isa = PBXBuildFile; fileRef = 849F272625C9B31400960F4C /* GunCatch.swift */; };
		849F273B25C9B34500960F4C /* EnemyFast.swift in Sources */ = {isa = PBXBuildFile; fileRef = 849F273725C9B34500960F4C /* EnemyFast.swift */; };
		849F273C25C9B34500960F4C /* Enemy.swift in Sources */ = {isa = PBXBuildFile; fileRef = 849F273825C9B34500960F4C /* Enemy.swift */; };
		849F273D25C9B34500960F4C /* Boss.swift in Sources */ = {isa = PBXBuildFile; fileRef = 849F273925C9B34500960F4C /* Boss.swift */; };
		849F273E25C9B34500960F4C /* EnemyStrong.swift in Sources */ = {isa = PBXBuildFile; fileRef = 849F273A25C9B34500960F4C /* EnemyStrong.swift */; };
		849F274725C9B49E00960F4C /* PowerUpElementView.xib in Resources */ = {isa = PBXBuildFile; fileRef = 849F274225C9B49D00960F4C /* PowerUpElementView.xib */; };
		849F274825C9B49E00960F4C /* Main.storyboard in Resources */ = {isa = PBXBuildFile; fileRef = 849F274325C9B49D00960F4C /* Main.storyboard */; };
		849F274925C9B49E00960F4C /* LaunchScreen.storyboard in Resources */ = {isa = PBXBuildFile; fileRef = 849F274425C9B49E00960F4C /* LaunchScreen.storyboard */; };
		849F274A25C9B49E00960F4C /* Game.storyboard in Resources */ = {isa = PBXBuildFile; fileRef = 849F274525C9B49E00960F4C /* Game.storyboard */; };
		849F274B25C9B49E00960F4C /* PowerUpElementView.swift in Sources */ = {isa = PBXBuildFile; fileRef = 849F274625C9B49E00960F4C /* PowerUpElementView.swift */; };
		849F27A325C9B4EC00960F4C /* guncatchblue.atlas in Resources */ = {isa = PBXBuildFile; fileRef = 849F275225C9B4EB00960F4C /* guncatchblue.atlas */; };
		849F27A425C9B4EC00960F4C /* btnnext.png in Resources */ = {isa = PBXBuildFile; fileRef = 849F275425C9B4EB00960F4C /* btnnext.png */; };
		849F27A525C9B4EC00960F4C /* bullet.png in Resources */ = {isa = PBXBuildFile; fileRef = 849F275525C9B4EB00960F4C /* bullet.png */; };
		849F27A625C9B4EC00960F4C /* soundoff.png in Resources */ = {isa = PBXBuildFile; fileRef = 849F275625C9B4EB00960F4C /* soundoff.png */; };
		849F27A725C9B4EC00960F4C /* Thumbs.db in Resources */ = {isa = PBXBuildFile; fileRef = 849F275725C9B4EB00960F4C /* Thumbs.db */; };
		849F27A825C9B4EC00960F4C /* buttongun.png in Resources */ = {isa = PBXBuildFile; fileRef = 849F275825C9B4EB00960F4C /* buttongun.png */; };
		849F27A925C9B4EC00960F4C /* brizg5.png in Resources */ = {isa = PBXBuildFile; fileRef = 849F275925C9B4EB00960F4C /* brizg5.png */; };
		849F27AA25C9B4EC00960F4C /* btnnazad.png in Resources */ = {isa = PBXBuildFile; fileRef = 849F275A25C9B4EB00960F4C /* btnnazad.png */; };
		849F27AB25C9B4EC00960F4C /* brizg7.png in Resources */ = {isa = PBXBuildFile; fileRef = 849F275B25C9B4EB00960F4C /* brizg7.png */; };
		849F27AC25C9B4EC00960F4C /* enemy.png in Resources */ = {isa = PBXBuildFile; fileRef = 849F275C25C9B4EB00960F4C /* enemy.png */; };
		849F27AD25C9B4EC00960F4C /* buttonbig.png in Resources */ = {isa = PBXBuildFile; fileRef = 849F275D25C9B4EB00960F4C /* buttonbig.png */; };
		849F27AE25C9B4EC00960F4C /* bossd.png in Resources */ = {isa = PBXBuildFile; fileRef = 849F275E25C9B4EB00960F4C /* bossd.png */; };
		849F27AF25C9B4EC00960F4C /* boss2.png in Resources */ = {isa = PBXBuildFile; fileRef = 849F275F25C9B4EB00960F4C /* boss2.png */; };
		849F27B025C9B4EC00960F4C /* brizg6.png in Resources */ = {isa = PBXBuildFile; fileRef = 849F276025C9B4EB00960F4C /* brizg6.png */; };
		849F27B125C9B4EC00960F4C /* btnback.png in Resources */ = {isa = PBXBuildFile; fileRef = 849F276125C9B4EB00960F4C /* btnback.png */; };
		849F27B225C9B4EC00960F4C /* rykaloose.png in Resources */ = {isa = PBXBuildFile; fileRef = 849F276225C9B4EB00960F4C /* rykaloose.png */; };
		849F27B325C9B4EC00960F4C /* klaksa3.png in Resources */ = {isa = PBXBuildFile; fileRef = 849F276325C9B4EB00960F4C /* klaksa3.png */; };
		849F27B425C9B4EC00960F4C /* rykawin.png in Resources */ = {isa = PBXBuildFile; fileRef = 849F276425C9B4EB00960F4C /* rykawin.png */; };
		849F27B525C9B4EC00960F4C /* main.jpg in Resources */ = {isa = PBXBuildFile; fileRef = 849F276525C9B4EB00960F4C /* main.jpg */; };
		849F27B625C9B4EC00960F4C /* brizgblue.png in Resources */ = {isa = PBXBuildFile; fileRef = 849F276625C9B4EB00960F4C /* brizgblue.png */; };
		849F27B725C9B4EC00960F4C /* guncatchblue.png in Resources */ = {isa = PBXBuildFile; fileRef = 849F276725C9B4EB00960F4C /* guncatchblue.png */; };
		849F27B825C9B4EC00960F4C /* klaksa2.png in Resources */ = {isa = PBXBuildFile; fileRef = 849F276825C9B4EB00960F4C /* klaksa2.png */; };
		849F27B925C9B4EC00960F4C /* boss.png in Resources */ = {isa = PBXBuildFile; fileRef = 849F276925C9B4EB00960F4C /* boss.png */; };
		849F27BA25C9B4EC00960F4C /* btnres.png in Resources */ = {isa = PBXBuildFile; fileRef = 849F276A25C9B4EB00960F4C /* btnres.png */; };
		849F27BB25C9B4EC00960F4C /* bos3.png in Resources */ = {isa = PBXBuildFile; fileRef = 849F276B25C9B4EB00960F4C /* bos3.png */; };
		849F27BC25C9B4EC00960F4C /* player2.png in Resources */ = {isa = PBXBuildFile; fileRef = 849F276C25C9B4EB00960F4C /* player2.png */; };
		849F27BD25C9B4EC00960F4C /* btnremove.png in Resources */ = {isa = PBXBuildFile; fileRef = 849F276D25C9B4EB00960F4C /* btnremove.png */; };
		849F27BE25C9B4EC00960F4C /* deadred.png in Resources */ = {isa = PBXBuildFile; fileRef = 849F276E25C9B4EB00960F4C /* deadred.png */; };
		849F27BF25C9B4EC00960F4C /* bullet3.png in Resources */ = {isa = PBXBuildFile; fileRef = 849F276F25C9B4EB00960F4C /* bullet3.png */; };
		849F27C025C9B4EC00960F4C /* btnrate.png in Resources */ = {isa = PBXBuildFile; fileRef = 849F277025C9B4EB00960F4C /* btnrate.png */; };
		849F27C125C9B4EC00960F4C /* bullet2.png in Resources */ = {isa = PBXBuildFile; fileRef = 849F277125C9B4EB00960F4C /* bullet2.png */; };
		849F27C225C9B4EC00960F4C /* sound.png in Resources */ = {isa = PBXBuildFile; fileRef = 849F277225C9B4EB00960F4C /* sound.png */; };
		849F27C325C9B4EC00960F4C /* boss2d.png in Resources */ = {isa = PBXBuildFile; fileRef = 849F277325C9B4EB00960F4C /* boss2d.png */; };
		849F27C425C9B4EC00960F4C /* guncatch.png in Resources */ = {isa = PBXBuildFile; fileRef = 849F277425C9B4EB00960F4C /* guncatch.png */; };
		849F27C525C9B4EC00960F4C /* bullet1.png in Resources */ = {isa = PBXBuildFile; fileRef = 849F277525C9B4EB00960F4C /* bullet1.png */; };
		849F27C625C9B4EC00960F4C /* musoff.png in Resources */ = {isa = PBXBuildFile; fileRef = 849F277625C9B4EB00960F4C /* musoff.png */; };
		849F27C725C9B4EC00960F4C /* btnzvezda.png in Resources */ = {isa = PBXBuildFile; fileRef = 849F277725C9B4EB00960F4C /* btnzvezda.png */; };
		849F27C825C9B4EC00960F4C /* btnvpered.png in Resources */ = {isa = PBXBuildFile; fileRef = 849F277825C9B4EB00960F4C /* btnvpered.png */; };
		849F27C925C9B4EC00960F4C /* logo.png in Resources */ = {isa = PBXBuildFile; fileRef = 849F277925C9B4EB00960F4C /* logo.png */; };
		849F27CA25C9B4EC00960F4C /* ryka.png in Resources */ = {isa = PBXBuildFile; fileRef = 849F277A25C9B4EB00960F4C /* ryka.png */; };
		849F27CB25C9B4EC00960F4C /* winn.png in Resources */ = {isa = PBXBuildFile; fileRef = 849F277B25C9B4EB00960F4C /* winn.png */; };
		849F27CC25C9B4EC00960F4C /* ic_launcher.png in Resources */ = {isa = PBXBuildFile; fileRef = 849F277C25C9B4EB00960F4C /* ic_launcher.png */; };
		849F27CD25C9B4EC00960F4C /* dead1.png in Resources */ = {isa = PBXBuildFile; fileRef = 849F277D25C9B4EB00960F4C /* dead1.png */; };
		849F27CE25C9B4EC00960F4C /* deadgreen.png in Resources */ = {isa = PBXBuildFile; fileRef = 849F277E25C9B4EB00960F4C /* deadgreen.png */; };
		849F27CF25C9B4EC00960F4C /* fei.png in Resources */ = {isa = PBXBuildFile; fileRef = 849F277F25C9B4EB00960F4C /* fei.png */; };
		849F27D025C9B4EC00960F4C /* levl.png in Resources */ = {isa = PBXBuildFile; fileRef = 849F278025C9B4EB00960F4C /* levl.png */; };
		849F27D125C9B4EC00960F4C /* enemy1.png in Resources */ = {isa = PBXBuildFile; fileRef = 849F278125C9B4EB00960F4C /* enemy1.png */; };
		849F27D225C9B4EC00960F4C /* bos3d.png in Resources */ = {isa = PBXBuildFile; fileRef = 849F278225C9B4EB00960F4C /* bos3d.png */; };
		849F27D325C9B4EC00960F4C /* scoreBackground.jpg in Resources */ = {isa = PBXBuildFile; fileRef = 849F278325C9B4EB00960F4C /* scoreBackground.jpg */; };
		849F27D425C9B4EC00960F4C /* zbutton.png in Resources */ = {isa = PBXBuildFile; fileRef = 849F278425C9B4EB00960F4C /* zbutton.png */; };
		849F27D525C9B4EC00960F4C /* enemy3.png in Resources */ = {isa = PBXBuildFile; fileRef = 849F278525C9B4EB00960F4C /* enemy3.png */; };
		849F27D625C9B4EC00960F4C /* splits.png in Resources */ = {isa = PBXBuildFile; fileRef = 849F278625C9B4EB00960F4C /* splits.png */; };
		849F27D725C9B4EC00960F4C /* enemy2.png in Resources */ = {isa = PBXBuildFile; fileRef = 849F278725C9B4EB00960F4C /* enemy2.png */; };
		849F27D825C9B4EC00960F4C /* levl3.png in Resources */ = {isa = PBXBuildFile; fileRef = 849F278825C9B4EB00960F4C /* levl3.png */; };
		849F27D925C9B4EC00960F4C /* pause1.png in Resources */ = {isa = PBXBuildFile; fileRef = 849F278925C9B4EB00960F4C /* pause1.png */; };
		849F27DA25C9B4EC00960F4C /* loose.png in Resources */ = {isa = PBXBuildFile; fileRef = 849F278A25C9B4EB00960F4C /* loose.png */; };
		849F27DB25C9B4EC00960F4C /* levl2.png in Resources */ = {isa = PBXBuildFile; fileRef = 849F278B25C9B4EB00960F4C /* levl2.png */; };
		849F27DC25C9B4EC00960F4C /* brizg8.png in Resources */ = {isa = PBXBuildFile; fileRef = 849F278C25C9B4EB00960F4C /* brizg8.png */; };
		849F27DD25C9B4EC00960F4C /* muson.png in Resources */ = {isa = PBXBuildFile; fileRef = 849F278D25C9B4EB00960F4C /* muson.png */; };
		849F27DE25C9B4EC00960F4C /* guncatchblack.png in Resources */ = {isa = PBXBuildFile; fileRef = 849F278E25C9B4EB00960F4C /* guncatchblack.png */; };
		849F27DF25C9B4EC00960F4C /* enemy4.png in Resources */ = {isa = PBXBuildFile; fileRef = 849F278F25C9B4EB00960F4C /* enemy4.png */; };
		849F27E025C9B4EC00960F4C /* levl1.png in Resources */ = {isa = PBXBuildFile; fileRef = 849F279025C9B4EB00960F4C /* levl1.png */; };
		849F27E125C9B4EC00960F4C /* live.png in Resources */ = {isa = PBXBuildFile; fileRef = 849F279125C9B4EB00960F4C /* live.png */; };
		849F27E225C9B4EC00960F4C /* pen_click.wav in Resources */ = {isa = PBXBuildFile; fileRef = 849F279325C9B4EC00960F4C /* pen_click.wav */; };
		849F27E325C9B4EC00960F4C /* pencil_drop.wav in Resources */ = {isa = PBXBuildFile; fileRef = 849F279425C9B4EC00960F4C /* pencil_drop.wav */; };
		849F27E425C9B4EC00960F4C /* paper_next.wav in Resources */ = {isa = PBXBuildFile; fileRef = 849F279525C9B4EC00960F4C /* paper_next.wav */; };
		849F27E525C9B4EC00960F4C /* pencil_write.wav in Resources */ = {isa = PBXBuildFile; fileRef = 849F279625C9B4EC00960F4C /* pencil_write.wav */; };
		849F27E625C9B4EC00960F4C /* bg_music.wav in Resources */ = {isa = PBXBuildFile; fileRef = 849F279725C9B4EC00960F4C /* bg_music.wav */; };
		849F27E725C9B4EC00960F4C /* bonus.mp3 in Resources */ = {isa = PBXBuildFile; fileRef = 849F279825C9B4EC00960F4C /* bonus.mp3 */; };
		849F27E825C9B4EC00960F4C /* success.wav in Resources */ = {isa = PBXBuildFile; fileRef = 849F279925C9B4EC00960F4C /* success.wav */; };
		849F27E925C9B4EC00960F4C /* enemyblue.atlas in Resources */ = {isa = PBXBuildFile; fileRef = 849F279A25C9B4EC00960F4C /* enemyblue.atlas */; };
		849F27EA25C9B4EC00960F4C /* guncatch.atlas in Resources */ = {isa = PBXBuildFile; fileRef = 849F279B25C9B4EC00960F4C /* guncatch.atlas */; };
		849F27EB25C9B4EC00960F4C /* enemyred.atlas in Resources */ = {isa = PBXBuildFile; fileRef = 849F279C25C9B4EC00960F4C /* enemyred.atlas */; };
		849F27EC25C9B4EC00960F4C /* Assets.xcassets in Resources */ = {isa = PBXBuildFile; fileRef = 849F279D25C9B4EC00960F4C /* Assets.xcassets */; };
		849F27ED25C9B4EC00960F4C /* guncatchblack.atlas in Resources */ = {isa = PBXBuildFile; fileRef = 849F279E25C9B4EC00960F4C /* guncatchblack.atlas */; };
		849F27EE25C9B4EC00960F4C /* beer money.ttf in Resources */ = {isa = PBXBuildFile; fileRef = 849F27A025C9B4EC00960F4C /* beer money.ttf */; };
		849F27EF25C9B4EC00960F4C /* Fofer.otf in Resources */ = {isa = PBXBuildFile; fileRef = 849F27A125C9B4EC00960F4C /* Fofer.otf */; };
		849F27F025C9B4EC00960F4C /* enemyreddamaged.atlas in Resources */ = {isa = PBXBuildFile; fileRef = 849F27A225C9B4EC00960F4C /* enemyreddamaged.atlas */; };
		84A3C70724C724F600D79183 /* PowerUps.swift in Sources */ = {isa = PBXBuildFile; fileRef = 84A3C70624C724F600D79183 /* PowerUps.swift */; };
		84A3C70F24C8689000D79183 /* BonusDrop.swift in Sources */ = {isa = PBXBuildFile; fileRef = 84A3C70E24C8689000D79183 /* BonusDrop.swift */; };
		84A3C71324C8D53500D79183 /* SoundDelegate.swift in Sources */ = {isa = PBXBuildFile; fileRef = 84A3C71224C8D53500D79183 /* SoundDelegate.swift */; };
		84A3C72524C97DDE00D79183 /* GoogleService-Info.plist in Resources */ = {isa = PBXBuildFile; fileRef = 84A3C72424C97DDE00D79183 /* GoogleService-Info.plist */; };
		84A3C72724C98A9100D79183 /* AppStoreReviewManager.swift in Sources */ = {isa = PBXBuildFile; fileRef = 84A3C72624C98A9100D79183 /* AppStoreReviewManager.swift */; };
		84B5C98424C596BF001E6EDE /* enemy.atlas in Resources */ = {isa = PBXBuildFile; fileRef = 84B5C98324C596BE001E6EDE /* enemy.atlas */; };
		84DDF1B22576B24100DB8B44 /* StoreKit.framework in Frameworks */ = {isa = PBXBuildFile; fileRef = 84DDF1B12576B24100DB8B44 /* StoreKit.framework */; };
		84DDF1B42576B2C800DB8B44 /* InAppPurchase.swift in Sources */ = {isa = PBXBuildFile; fileRef = 84DDF1B32576B2C800DB8B44 /* InAppPurchase.swift */; };
/* End PBXBuildFile section */

/* Begin PBXContainerItemProxy section */
		841005B71FE0562E00A48CC3 /* PBXContainerItemProxy */ = {
			isa = PBXContainerItemProxy;
			containerPortal = 8410059A1FE0562E00A48CC3 /* Project object */;
			proxyType = 1;
			remoteGlobalIDString = 841005A11FE0562E00A48CC3;
			remoteInfo = PaintedMan;
		};
		841005C21FE0562E00A48CC3 /* PBXContainerItemProxy */ = {
			isa = PBXContainerItemProxy;
			containerPortal = 8410059A1FE0562E00A48CC3 /* Project object */;
			proxyType = 1;
			remoteGlobalIDString = 841005A11FE0562E00A48CC3;
			remoteInfo = PaintedMan;
		};
/* End PBXContainerItemProxy section */

/* Begin PBXFileReference section */
		6AE00F254A1470F66DD5F644 /* Pods-PaintedMan.debug.xcconfig */ = {isa = PBXFileReference; includeInIndex = 1; lastKnownFileType = text.xcconfig; name = "Pods-PaintedMan.debug.xcconfig"; path = "Target Support Files/Pods-PaintedMan/Pods-PaintedMan.debug.xcconfig"; sourceTree = "<group>"; };
		841005A51FE0562E00A48CC3 /* AppDelegate.swift */ = {isa = PBXFileReference; lastKnownFileType = sourcecode.swift; path = AppDelegate.swift; sourceTree = "<group>"; };
		841005B11FE0562E00A48CC3 /* Info.plist */ = {isa = PBXFileReference; lastKnownFileType = text.plist.xml; path = Info.plist; sourceTree = "<group>"; };
		841005BA1FE0562E00A48CC3 /* PaintedManTests.swift */ = {isa = PBXFileReference; lastKnownFileType = sourcecode.swift; path = PaintedManTests.swift; sourceTree = "<group>"; };
		841005BC1FE0562E00A48CC3 /* Info.plist */ = {isa = PBXFileReference; lastKnownFileType = text.plist.xml; path = Info.plist; sourceTree = "<group>"; };
		841005C51FE0562E00A48CC3 /* PaintedManUITests.swift */ = {isa = PBXFileReference; lastKnownFileType = sourcecode.swift; path = PaintedManUITests.swift; sourceTree = "<group>"; };
		841005C71FE0562E00A48CC3 /* Info.plist */ = {isa = PBXFileReference; lastKnownFileType = text.plist.xml; path = Info.plist; sourceTree = "<group>"; };
		844DC7B92175E41F002478DE /* Const.swift */ = {isa = PBXFileReference; lastKnownFileType = sourcecode.swift; path = Const.swift; sourceTree = "<group>"; };
		849F26F125C9B13500960F4C /* GamePauseViewController.swift */ = {isa = PBXFileReference; fileEncoding = 4; lastKnownFileType = sourcecode.swift; name = GamePauseViewController.swift; path = Controllers/GamePauseViewController.swift; sourceTree = "<group>"; };
		849F26F225C9B13500960F4C /* PowerUpController.swift */ = {isa = PBXFileReference; fileEncoding = 4; lastKnownFileType = sourcecode.swift; name = PowerUpController.swift; path = Controllers/PowerUpController.swift; sourceTree = "<group>"; };
		849F26F325C9B13500960F4C /* ModeViewController.swift */ = {isa = PBXFileReference; fileEncoding = 4; lastKnownFileType = sourcecode.swift; name = ModeViewController.swift; path = Controllers/ModeViewController.swift; sourceTree = "<group>"; };
		849F26F425C9B13500960F4C /* CampaignViewController.swift */ = {isa = PBXFileReference; fileEncoding = 4; lastKnownFileType = sourcecode.swift; name = CampaignViewController.swift; path = Controllers/CampaignViewController.swift; sourceTree = "<group>"; };
		849F26F525C9B13500960F4C /* BestViewController.swift */ = {isa = PBXFileReference; fileEncoding = 4; lastKnownFileType = sourcecode.swift; name = BestViewController.swift; path = Controllers/BestViewController.swift; sourceTree = "<group>"; };
		849F26F625C9B13500960F4C /* MainViewController.swift */ = {isa = PBXFileReference; fileEncoding = 4; lastKnownFileType = sourcecode.swift; name = MainViewController.swift; path = Controllers/MainViewController.swift; sourceTree = "<group>"; };
		849F26F725C9B13500960F4C /* GameController.swift */ = {isa = PBXFileReference; fileEncoding = 4; lastKnownFileType = sourcecode.swift; name = GameController.swift; path = Controllers/GameController.swift; sourceTree = "<group>"; };
		849F270525C9B2A800960F4C /* EnemyGenerator.swift */ = {isa = PBXFileReference; fileEncoding = 4; lastKnownFileType = sourcecode.swift; name = EnemyGenerator.swift; path = Game/EnemyGenerator.swift; sourceTree = "<group>"; };
		849F270625C9B2A800960F4C /* GameScene.swift */ = {isa = PBXFileReference; fileEncoding = 4; lastKnownFileType = sourcecode.swift; name = GameScene.swift; path = Game/GameScene.swift; sourceTree = "<group>"; };
		849F270725C9B2A800960F4C /* GameSceneCatch.swift */ = {isa = PBXFileReference; fileEncoding = 4; lastKnownFileType = sourcecode.swift; name = GameSceneCatch.swift; path = Game/GameSceneCatch.swift; sourceTree = "<group>"; };
		849F270825C9B2A800960F4C /* GameSceneSurvive.swift */ = {isa = PBXFileReference; fileEncoding = 4; lastKnownFileType = sourcecode.swift; name = GameSceneSurvive.swift; path = Game/GameSceneSurvive.swift; sourceTree = "<group>"; };
		849F270925C9B2A800960F4C /* GameScenePunch.swift */ = {isa = PBXFileReference; fileEncoding = 4; lastKnownFileType = sourcecode.swift; name = GameScenePunch.swift; path = Game/GameScenePunch.swift; sourceTree = "<group>"; };
		849F270A25C9B2A800960F4C /* LevelDelegate.swift */ = {isa = PBXFileReference; fileEncoding = 4; lastKnownFileType = sourcecode.swift; name = LevelDelegate.swift; path = Game/LevelDelegate.swift; sourceTree = "<group>"; };
		849F270B25C9B2A800960F4C /* GameConst.swift */ = {isa = PBXFileReference; fileEncoding = 4; lastKnownFileType = sourcecode.swift; name = GameConst.swift; path = Game/GameConst.swift; sourceTree = "<group>"; };
		849F271E25C9B31400960F4C /* BonusBubble.swift */ = {isa = PBXFileReference; fileEncoding = 4; lastKnownFileType = sourcecode.swift; name = BonusBubble.swift; path = Models/BonusBubble.swift; sourceTree = "<group>"; };
		849F271F25C9B31400960F4C /* CorpsePunch.swift */ = {isa = PBXFileReference; fileEncoding = 4; lastKnownFileType = sourcecode.swift; name = CorpsePunch.swift; path = Models/CorpsePunch.swift; sourceTree = "<group>"; };
		849F272025C9B31400960F4C /* Corpse.swift */ = {isa = PBXFileReference; fileEncoding = 4; lastKnownFileType = sourcecode.swift; name = Corpse.swift; path = Models/Corpse.swift; sourceTree = "<group>"; };
		849F272125C9B31400960F4C /* CorpseCatch.swift */ = {isa = PBXFileReference; fileEncoding = 4; lastKnownFileType = sourcecode.swift; name = CorpseCatch.swift; path = Models/CorpseCatch.swift; sourceTree = "<group>"; };
		849F272225C9B31400960F4C /* Gun.swift */ = {isa = PBXFileReference; fileEncoding = 4; lastKnownFileType = sourcecode.swift; name = Gun.swift; path = Models/Gun.swift; sourceTree = "<group>"; };
		849F272425C9B31400960F4C /* BulletSuper.swift */ = {isa = PBXFileReference; fileEncoding = 4; lastKnownFileType = sourcecode.swift; path = BulletSuper.swift; sourceTree = "<group>"; };
		849F272525C9B31400960F4C /* Bullet.swift */ = {isa = PBXFileReference; fileEncoding = 4; lastKnownFileType = sourcecode.swift; path = Bullet.swift; sourceTree = "<group>"; };
		849F272625C9B31400960F4C /* GunCatch.swift */ = {isa = PBXFileReference; fileEncoding = 4; lastKnownFileType = sourcecode.swift; name = GunCatch.swift; path = Models/GunCatch.swift; sourceTree = "<group>"; };
		849F273725C9B34500960F4C /* EnemyFast.swift */ = {isa = PBXFileReference; fileEncoding = 4; lastKnownFileType = sourcecode.swift; path = EnemyFast.swift; sourceTree = "<group>"; };
		849F273825C9B34500960F4C /* Enemy.swift */ = {isa = PBXFileReference; fileEncoding = 4; lastKnownFileType = sourcecode.swift; path = Enemy.swift; sourceTree = "<group>"; };
		849F273925C9B34500960F4C /* Boss.swift */ = {isa = PBXFileReference; fileEncoding = 4; lastKnownFileType = sourcecode.swift; path = Boss.swift; sourceTree = "<group>"; };
		849F273A25C9B34500960F4C /* EnemyStrong.swift */ = {isa = PBXFileReference; fileEncoding = 4; lastKnownFileType = sourcecode.swift; path = EnemyStrong.swift; sourceTree = "<group>"; };
		849F274225C9B49D00960F4C /* PowerUpElementView.xib */ = {isa = PBXFileReference; fileEncoding = 4; lastKnownFileType = file.xib; name = PowerUpElementView.xib; path = Views/PowerUpElementView.xib; sourceTree = "<group>"; };
		849F274325C9B49D00960F4C /* Main.storyboard */ = {isa = PBXFileReference; fileEncoding = 4; lastKnownFileType = file.storyboard; name = Main.storyboard; path = Views/Main.storyboard; sourceTree = "<group>"; };
		849F274425C9B49E00960F4C /* LaunchScreen.storyboard */ = {isa = PBXFileReference; fileEncoding = 4; lastKnownFileType = file.storyboard; name = LaunchScreen.storyboard; path = Views/LaunchScreen.storyboard; sourceTree = "<group>"; };
		849F274525C9B49E00960F4C /* Game.storyboard */ = {isa = PBXFileReference; fileEncoding = 4; lastKnownFileType = file.storyboard; name = Game.storyboard; path = Views/Game.storyboard; sourceTree = "<group>"; };
		849F274625C9B49E00960F4C /* PowerUpElementView.swift */ = {isa = PBXFileReference; fileEncoding = 4; lastKnownFileType = sourcecode.swift; name = PowerUpElementView.swift; path = Views/PowerUpElementView.swift; sourceTree = "<group>"; };
		849F275225C9B4EB00960F4C /* guncatchblue.atlas */ = {isa = PBXFileReference; lastKnownFileType = folder.skatlas; name = guncatchblue.atlas; path = Assets/guncatchblue.atlas; sourceTree = "<group>"; };
		849F275425C9B4EB00960F4C /* btnnext.png */ = {isa = PBXFileReference; lastKnownFileType = image.png; path = btnnext.png; sourceTree = "<group>"; };
		849F275525C9B4EB00960F4C /* bullet.png */ = {isa = PBXFileReference; lastKnownFileType = image.png; path = bullet.png; sourceTree = "<group>"; };
		849F275625C9B4EB00960F4C /* soundoff.png */ = {isa = PBXFileReference; lastKnownFileType = image.png; path = soundoff.png; sourceTree = "<group>"; };
		849F275725C9B4EB00960F4C /* Thumbs.db */ = {isa = PBXFileReference; lastKnownFileType = file; path = Thumbs.db; sourceTree = "<group>"; };
		849F275825C9B4EB00960F4C /* buttongun.png */ = {isa = PBXFileReference; lastKnownFileType = image.png; path = buttongun.png; sourceTree = "<group>"; };
		849F275925C9B4EB00960F4C /* brizg5.png */ = {isa = PBXFileReference; lastKnownFileType = image.png; path = brizg5.png; sourceTree = "<group>"; };
		849F275A25C9B4EB00960F4C /* btnnazad.png */ = {isa = PBXFileReference; lastKnownFileType = image.png; path = btnnazad.png; sourceTree = "<group>"; };
		849F275B25C9B4EB00960F4C /* brizg7.png */ = {isa = PBXFileReference; lastKnownFileType = image.png; path = brizg7.png; sourceTree = "<group>"; };
		849F275C25C9B4EB00960F4C /* enemy.png */ = {isa = PBXFileReference; lastKnownFileType = image.png; path = enemy.png; sourceTree = "<group>"; };
		849F275D25C9B4EB00960F4C /* buttonbig.png */ = {isa = PBXFileReference; lastKnownFileType = image.png; path = buttonbig.png; sourceTree = "<group>"; };
		849F275E25C9B4EB00960F4C /* bossd.png */ = {isa = PBXFileReference; lastKnownFileType = image.png; path = bossd.png; sourceTree = "<group>"; };
		849F275F25C9B4EB00960F4C /* boss2.png */ = {isa = PBXFileReference; lastKnownFileType = image.png; path = boss2.png; sourceTree = "<group>"; };
		849F276025C9B4EB00960F4C /* brizg6.png */ = {isa = PBXFileReference; lastKnownFileType = image.png; path = brizg6.png; sourceTree = "<group>"; };
		849F276125C9B4EB00960F4C /* btnback.png */ = {isa = PBXFileReference; lastKnownFileType = image.png; path = btnback.png; sourceTree = "<group>"; };
		849F276225C9B4EB00960F4C /* rykaloose.png */ = {isa = PBXFileReference; lastKnownFileType = image.png; path = rykaloose.png; sourceTree = "<group>"; };
		849F276325C9B4EB00960F4C /* klaksa3.png */ = {isa = PBXFileReference; lastKnownFileType = image.png; path = klaksa3.png; sourceTree = "<group>"; };
		849F276425C9B4EB00960F4C /* rykawin.png */ = {isa = PBXFileReference; lastKnownFileType = image.png; path = rykawin.png; sourceTree = "<group>"; };
		849F276525C9B4EB00960F4C /* main.jpg */ = {isa = PBXFileReference; lastKnownFileType = image.jpeg; path = main.jpg; sourceTree = "<group>"; };
		849F276625C9B4EB00960F4C /* brizgblue.png */ = {isa = PBXFileReference; lastKnownFileType = image.png; path = brizgblue.png; sourceTree = "<group>"; };
		849F276725C9B4EB00960F4C /* guncatchblue.png */ = {isa = PBXFileReference; lastKnownFileType = image.png; path = guncatchblue.png; sourceTree = "<group>"; };
		849F276825C9B4EB00960F4C /* klaksa2.png */ = {isa = PBXFileReference; lastKnownFileType = image.png; path = klaksa2.png; sourceTree = "<group>"; };
		849F276925C9B4EB00960F4C /* boss.png */ = {isa = PBXFileReference; lastKnownFileType = image.png; path = boss.png; sourceTree = "<group>"; };
		849F276A25C9B4EB00960F4C /* btnres.png */ = {isa = PBXFileReference; lastKnownFileType = image.png; path = btnres.png; sourceTree = "<group>"; };
		849F276B25C9B4EB00960F4C /* bos3.png */ = {isa = PBXFileReference; lastKnownFileType = image.png; path = bos3.png; sourceTree = "<group>"; };
		849F276C25C9B4EB00960F4C /* player2.png */ = {isa = PBXFileReference; lastKnownFileType = image.png; path = player2.png; sourceTree = "<group>"; };
		849F276D25C9B4EB00960F4C /* btnremove.png */ = {isa = PBXFileReference; lastKnownFileType = image.png; path = btnremove.png; sourceTree = "<group>"; };
		849F276E25C9B4EB00960F4C /* deadred.png */ = {isa = PBXFileReference; lastKnownFileType = image.png; path = deadred.png; sourceTree = "<group>"; };
		849F276F25C9B4EB00960F4C /* bullet3.png */ = {isa = PBXFileReference; lastKnownFileType = image.png; path = bullet3.png; sourceTree = "<group>"; };
		849F277025C9B4EB00960F4C /* btnrate.png */ = {isa = PBXFileReference; lastKnownFileType = image.png; path = btnrate.png; sourceTree = "<group>"; };
		849F277125C9B4EB00960F4C /* bullet2.png */ = {isa = PBXFileReference; lastKnownFileType = image.png; path = bullet2.png; sourceTree = "<group>"; };
		849F277225C9B4EB00960F4C /* sound.png */ = {isa = PBXFileReference; lastKnownFileType = image.png; path = sound.png; sourceTree = "<group>"; };
		849F277325C9B4EB00960F4C /* boss2d.png */ = {isa = PBXFileReference; lastKnownFileType = image.png; path = boss2d.png; sourceTree = "<group>"; };
		849F277425C9B4EB00960F4C /* guncatch.png */ = {isa = PBXFileReference; lastKnownFileType = image.png; path = guncatch.png; sourceTree = "<group>"; };
		849F277525C9B4EB00960F4C /* bullet1.png */ = {isa = PBXFileReference; lastKnownFileType = image.png; path = bullet1.png; sourceTree = "<group>"; };
		849F277625C9B4EB00960F4C /* musoff.png */ = {isa = PBXFileReference; lastKnownFileType = image.png; path = musoff.png; sourceTree = "<group>"; };
		849F277725C9B4EB00960F4C /* btnzvezda.png */ = {isa = PBXFileReference; lastKnownFileType = image.png; path = btnzvezda.png; sourceTree = "<group>"; };
		849F277825C9B4EB00960F4C /* btnvpered.png */ = {isa = PBXFileReference; lastKnownFileType = image.png; path = btnvpered.png; sourceTree = "<group>"; };
		849F277925C9B4EB00960F4C /* logo.png */ = {isa = PBXFileReference; lastKnownFileType = image.png; path = logo.png; sourceTree = "<group>"; };
		849F277A25C9B4EB00960F4C /* ryka.png */ = {isa = PBXFileReference; lastKnownFileType = image.png; path = ryka.png; sourceTree = "<group>"; };
		849F277B25C9B4EB00960F4C /* winn.png */ = {isa = PBXFileReference; lastKnownFileType = image.png; path = winn.png; sourceTree = "<group>"; };
		849F277C25C9B4EB00960F4C /* ic_launcher.png */ = {isa = PBXFileReference; lastKnownFileType = image.png; path = ic_launcher.png; sourceTree = "<group>"; };
		849F277D25C9B4EB00960F4C /* dead1.png */ = {isa = PBXFileReference; lastKnownFileType = image.png; path = dead1.png; sourceTree = "<group>"; };
		849F277E25C9B4EB00960F4C /* deadgreen.png */ = {isa = PBXFileReference; lastKnownFileType = image.png; path = deadgreen.png; sourceTree = "<group>"; };
		849F277F25C9B4EB00960F4C /* fei.png */ = {isa = PBXFileReference; lastKnownFileType = image.png; path = fei.png; sourceTree = "<group>"; };
		849F278025C9B4EB00960F4C /* levl.png */ = {isa = PBXFileReference; lastKnownFileType = image.png; path = levl.png; sourceTree = "<group>"; };
		849F278125C9B4EB00960F4C /* enemy1.png */ = {isa = PBXFileReference; lastKnownFileType = image.png; path = enemy1.png; sourceTree = "<group>"; };
		849F278225C9B4EB00960F4C /* bos3d.png */ = {isa = PBXFileReference; lastKnownFileType = image.png; path = bos3d.png; sourceTree = "<group>"; };
		849F278325C9B4EB00960F4C /* scoreBackground.jpg */ = {isa = PBXFileReference; lastKnownFileType = image.jpeg; path = scoreBackground.jpg; sourceTree = "<group>"; };
		849F278425C9B4EB00960F4C /* zbutton.png */ = {isa = PBXFileReference; lastKnownFileType = image.png; path = zbutton.png; sourceTree = "<group>"; };
		849F278525C9B4EB00960F4C /* enemy3.png */ = {isa = PBXFileReference; lastKnownFileType = image.png; path = enemy3.png; sourceTree = "<group>"; };
		849F278625C9B4EB00960F4C /* splits.png */ = {isa = PBXFileReference; lastKnownFileType = image.png; path = splits.png; sourceTree = "<group>"; };
		849F278725C9B4EB00960F4C /* enemy2.png */ = {isa = PBXFileReference; lastKnownFileType = image.png; path = enemy2.png; sourceTree = "<group>"; };
		849F278825C9B4EB00960F4C /* levl3.png */ = {isa = PBXFileReference; lastKnownFileType = image.png; path = levl3.png; sourceTree = "<group>"; };
		849F278925C9B4EB00960F4C /* pause1.png */ = {isa = PBXFileReference; lastKnownFileType = image.png; path = pause1.png; sourceTree = "<group>"; };
		849F278A25C9B4EB00960F4C /* loose.png */ = {isa = PBXFileReference; lastKnownFileType = image.png; path = loose.png; sourceTree = "<group>"; };
		849F278B25C9B4EB00960F4C /* levl2.png */ = {isa = PBXFileReference; lastKnownFileType = image.png; path = levl2.png; sourceTree = "<group>"; };
		849F278C25C9B4EB00960F4C /* brizg8.png */ = {isa = PBXFileReference; lastKnownFileType = image.png; path = brizg8.png; sourceTree = "<group>"; };
		849F278D25C9B4EB00960F4C /* muson.png */ = {isa = PBXFileReference; lastKnownFileType = image.png; path = muson.png; sourceTree = "<group>"; };
		849F278E25C9B4EB00960F4C /* guncatchblack.png */ = {isa = PBXFileReference; lastKnownFileType = image.png; path = guncatchblack.png; sourceTree = "<group>"; };
		849F278F25C9B4EB00960F4C /* enemy4.png */ = {isa = PBXFileReference; lastKnownFileType = image.png; path = enemy4.png; sourceTree = "<group>"; };
		849F279025C9B4EB00960F4C /* levl1.png */ = {isa = PBXFileReference; lastKnownFileType = image.png; path = levl1.png; sourceTree = "<group>"; };
		849F279125C9B4EB00960F4C /* live.png */ = {isa = PBXFileReference; lastKnownFileType = image.png; path = live.png; sourceTree = "<group>"; };
		849F279325C9B4EC00960F4C /* pen_click.wav */ = {isa = PBXFileReference; lastKnownFileType = audio.wav; path = pen_click.wav; sourceTree = "<group>"; };
		849F279425C9B4EC00960F4C /* pencil_drop.wav */ = {isa = PBXFileReference; lastKnownFileType = audio.wav; path = pencil_drop.wav; sourceTree = "<group>"; };
		849F279525C9B4EC00960F4C /* paper_next.wav */ = {isa = PBXFileReference; lastKnownFileType = audio.wav; path = paper_next.wav; sourceTree = "<group>"; };
		849F279625C9B4EC00960F4C /* pencil_write.wav */ = {isa = PBXFileReference; lastKnownFileType = audio.wav; path = pencil_write.wav; sourceTree = "<group>"; };
		849F279725C9B4EC00960F4C /* bg_music.wav */ = {isa = PBXFileReference; lastKnownFileType = audio.wav; path = bg_music.wav; sourceTree = "<group>"; };
		849F279825C9B4EC00960F4C /* bonus.mp3 */ = {isa = PBXFileReference; lastKnownFileType = audio.mp3; path = bonus.mp3; sourceTree = "<group>"; };
		849F279925C9B4EC00960F4C /* success.wav */ = {isa = PBXFileReference; lastKnownFileType = audio.wav; path = success.wav; sourceTree = "<group>"; };
		849F279A25C9B4EC00960F4C /* enemyblue.atlas */ = {isa = PBXFileReference; lastKnownFileType = folder.skatlas; name = enemyblue.atlas; path = Assets/enemyblue.atlas; sourceTree = "<group>"; };
		849F279B25C9B4EC00960F4C /* guncatch.atlas */ = {isa = PBXFileReference; lastKnownFileType = folder.skatlas; name = guncatch.atlas; path = Assets/guncatch.atlas; sourceTree = "<group>"; };
		849F279C25C9B4EC00960F4C /* enemyred.atlas */ = {isa = PBXFileReference; lastKnownFileType = folder.skatlas; name = enemyred.atlas; path = Assets/enemyred.atlas; sourceTree = "<group>"; };
		849F279D25C9B4EC00960F4C /* Assets.xcassets */ = {isa = PBXFileReference; lastKnownFileType = folder.assetcatalog; name = Assets.xcassets; path = Assets/Assets.xcassets; sourceTree = "<group>"; };
		849F279E25C9B4EC00960F4C /* guncatchblack.atlas */ = {isa = PBXFileReference; lastKnownFileType = folder.skatlas; name = guncatchblack.atlas; path = Assets/guncatchblack.atlas; sourceTree = "<group>"; };
		849F27A025C9B4EC00960F4C /* beer money.ttf */ = {isa = PBXFileReference; lastKnownFileType = file; path = "beer money.ttf"; sourceTree = "<group>"; };
		849F27A125C9B4EC00960F4C /* Fofer.otf */ = {isa = PBXFileReference; lastKnownFileType = file; path = Fofer.otf; sourceTree = "<group>"; };
		849F27A225C9B4EC00960F4C /* enemyreddamaged.atlas */ = {isa = PBXFileReference; lastKnownFileType = folder.skatlas; name = enemyreddamaged.atlas; path = Assets/enemyreddamaged.atlas; sourceTree = "<group>"; };
		84A3C70624C724F600D79183 /* PowerUps.swift */ = {isa = PBXFileReference; lastKnownFileType = sourcecode.swift; path = PowerUps.swift; sourceTree = "<group>"; };
		84A3C70E24C8689000D79183 /* BonusDrop.swift */ = {isa = PBXFileReference; lastKnownFileType = sourcecode.swift; path = BonusDrop.swift; sourceTree = "<group>"; };
		84A3C71224C8D53500D79183 /* SoundDelegate.swift */ = {isa = PBXFileReference; lastKnownFileType = sourcecode.swift; path = SoundDelegate.swift; sourceTree = "<group>"; };
		84A3C72424C97DDE00D79183 /* GoogleService-Info.plist */ = {isa = PBXFileReference; fileEncoding = 4; lastKnownFileType = text.plist.xml; path = "GoogleService-Info.plist"; sourceTree = "<group>"; };
		84A3C72624C98A9100D79183 /* AppStoreReviewManager.swift */ = {isa = PBXFileReference; lastKnownFileType = sourcecode.swift; path = AppStoreReviewManager.swift; sourceTree = "<group>"; };
		84ADC2BB1FE1B46B00D4FA04 /* PaintedMan.app */ = {isa = PBXFileReference; explicitFileType = wrapper.application; includeInIndex = 0; path = PaintedMan.app; sourceTree = BUILT_PRODUCTS_DIR; };
		84ADC2BC1FE1B46B00D4FA04 /* PaintedManTests.xctest */ = {isa = PBXFileReference; explicitFileType = wrapper.cfbundle; includeInIndex = 0; name = PaintedManTests.xctest; path = "/Users/oooakip/XCodeProjects/PaintedMan/build/Debug-iphoneos/PaintedManTests.xctest"; sourceTree = "<absolute>"; };
		84ADC2BD1FE1B46B00D4FA04 /* PaintedManUITests.xctest */ = {isa = PBXFileReference; explicitFileType = wrapper.cfbundle; includeInIndex = 0; name = PaintedManUITests.xctest; path = "/Users/oooakip/XCodeProjects/PaintedMan/build/Debug-iphoneos/PaintedManUITests.xctest"; sourceTree = "<absolute>"; };
		84B5C98324C596BE001E6EDE /* enemy.atlas */ = {isa = PBXFileReference; lastKnownFileType = folder.skatlas; name = enemy.atlas; path = ../../../Desktop/PaintedMan/assets/enemy.atlas; sourceTree = "<group>"; };
		84DDF1B12576B24100DB8B44 /* StoreKit.framework */ = {isa = PBXFileReference; lastKnownFileType = wrapper.framework; name = StoreKit.framework; path = System/Library/Frameworks/StoreKit.framework; sourceTree = SDKROOT; };
		84DDF1B32576B2C800DB8B44 /* InAppPurchase.swift */ = {isa = PBXFileReference; lastKnownFileType = sourcecode.swift; path = InAppPurchase.swift; sourceTree = "<group>"; };
		9C75993500F6BBAE2471088E /* Pods-PaintedMan.release.xcconfig */ = {isa = PBXFileReference; includeInIndex = 1; lastKnownFileType = text.xcconfig; name = "Pods-PaintedMan.release.xcconfig"; path = "Target Support Files/Pods-PaintedMan/Pods-PaintedMan.release.xcconfig"; sourceTree = "<group>"; };
/* End PBXFileReference section */

/* Begin PBXFrameworksBuildPhase section */
		8410059F1FE0562E00A48CC3 /* Frameworks */ = {
			isa = PBXFrameworksBuildPhase;
			buildActionMask = 2147483647;
			files = (
				84DDF1B22576B24100DB8B44 /* StoreKit.framework in Frameworks */,
			);
			runOnlyForDeploymentPostprocessing = 0;
		};
		841005B31FE0562E00A48CC3 /* Frameworks */ = {
			isa = PBXFrameworksBuildPhase;
			buildActionMask = 2147483647;
			files = (
			);
			runOnlyForDeploymentPostprocessing = 0;
		};
		841005BE1FE0562E00A48CC3 /* Frameworks */ = {
			isa = PBXFrameworksBuildPhase;
			buildActionMask = 2147483647;
			files = (
			);
			runOnlyForDeploymentPostprocessing = 0;
		};
/* End PBXFrameworksBuildPhase section */

/* Begin PBXGroup section */
		841005991FE0562E00A48CC3 = {
			isa = PBXGroup;
			children = (
				841005A41FE0562E00A48CC3 /* PaintedMan */,
				841005B91FE0562E00A48CC3 /* PaintedManTests */,
				841005C41FE0562E00A48CC3 /* PaintedManUITests */,
				84ADC2BB1FE1B46B00D4FA04 /* PaintedMan.app */,
				EB90D964D112A118BFC63010 /* Pods */,
				934E7137B03CD117AAD554CF /* Frameworks */,
			);
			sourceTree = "<group>";
		};
		841005A41FE0562E00A48CC3 /* PaintedMan */ = {
			isa = PBXGroup;
			children = (
				8438A9DC2007E7F90013A6F3 /* Assets */,
				8438A9DE2007E84E0013A6F3 /* Models */,
				8438A9DD2007E83E0013A6F3 /* Views */,
				8438A9DB2007E7C20013A6F3 /* Controlers */,
				844DC7BB21761258002478DE /* Game */,
				841005A51FE0562E00A48CC3 /* AppDelegate.swift */,
				84DDF1B32576B2C800DB8B44 /* InAppPurchase.swift */,
				844DC7B92175E41F002478DE /* Const.swift */,
				841005B11FE0562E00A48CC3 /* Info.plist */,
				84A3C70624C724F600D79183 /* PowerUps.swift */,
				84A3C70E24C8689000D79183 /* BonusDrop.swift */,
				84A3C71224C8D53500D79183 /* SoundDelegate.swift */,
				84A3C72424C97DDE00D79183 /* GoogleService-Info.plist */,
				84A3C72624C98A9100D79183 /* AppStoreReviewManager.swift */,
			);
			path = PaintedMan;
			sourceTree = "<group>";
		};
		841005B91FE0562E00A48CC3 /* PaintedManTests */ = {
			isa = PBXGroup;
			children = (
				841005BA1FE0562E00A48CC3 /* PaintedManTests.swift */,
				841005BC1FE0562E00A48CC3 /* Info.plist */,
			);
			path = PaintedManTests;
			sourceTree = "<group>";
		};
		841005C41FE0562E00A48CC3 /* PaintedManUITests */ = {
			isa = PBXGroup;
			children = (
				841005C51FE0562E00A48CC3 /* PaintedManUITests.swift */,
				841005C71FE0562E00A48CC3 /* Info.plist */,
			);
			path = PaintedManUITests;
			sourceTree = "<group>";
		};
		8438A9DB2007E7C20013A6F3 /* Controlers */ = {
			isa = PBXGroup;
			children = (
				849F26F525C9B13500960F4C /* BestViewController.swift */,
				849F26F425C9B13500960F4C /* CampaignViewController.swift */,
				849F26F725C9B13500960F4C /* GameController.swift */,
				849F26F125C9B13500960F4C /* GamePauseViewController.swift */,
				849F26F625C9B13500960F4C /* MainViewController.swift */,
				849F26F325C9B13500960F4C /* ModeViewController.swift */,
				849F26F225C9B13500960F4C /* PowerUpController.swift */,
			);
			name = Controlers;
			sourceTree = "<group>";
		};
		8438A9DC2007E7F90013A6F3 /* Assets */ = {
			isa = PBXGroup;
			children = (
				849F279D25C9B4EC00960F4C /* Assets.xcassets */,
				84B5C98324C596BE001E6EDE /* enemy.atlas */,
				849F27A225C9B4EC00960F4C /* enemyreddamaged.atlas */,
				849F279C25C9B4EC00960F4C /* enemyred.atlas */,
				849F279A25C9B4EC00960F4C /* enemyblue.atlas */,
				849F279B25C9B4EC00960F4C /* guncatch.atlas */,
				849F279E25C9B4EC00960F4C /* guncatchblack.atlas */,
				849F275225C9B4EB00960F4C /* guncatchblue.atlas */,
				849F275325C9B4EB00960F4C /* images */,
				849F279225C9B4EC00960F4C /* sounds */,
				849F279F25C9B4EC00960F4C /* Fonts */,
			);
			name = Assets;
			sourceTree = "<group>";
		};
		8438A9DD2007E83E0013A6F3 /* Views */ = {
			isa = PBXGroup;
			children = (
				849F274525C9B49E00960F4C /* Game.storyboard */,
				849F274425C9B49E00960F4C /* LaunchScreen.storyboard */,
				849F274325C9B49D00960F4C /* Main.storyboard */,
				849F274625C9B49E00960F4C /* PowerUpElementView.swift */,
				849F274225C9B49D00960F4C /* PowerUpElementView.xib */,
			);
			name = Views;
			sourceTree = "<group>";
		};
		8438A9DE2007E84E0013A6F3 /* Models */ = {
			isa = PBXGroup;
			children = (
				849F273625C9B34500960F4C /* Enemies */,
				849F272325C9B31400960F4C /* Bullets */,
				849F272025C9B31400960F4C /* Corpse.swift */,
				849F272125C9B31400960F4C /* CorpseCatch.swift */,
				849F271F25C9B31400960F4C /* CorpsePunch.swift */,
				849F272225C9B31400960F4C /* Gun.swift */,
				849F272625C9B31400960F4C /* GunCatch.swift */,
				849F271E25C9B31400960F4C /* BonusBubble.swift */,
			);
			name = Models;
			sourceTree = "<group>";
		};
		844DC7BB21761258002478DE /* Game */ = {
			isa = PBXGroup;
			children = (
				849F270525C9B2A800960F4C /* EnemyGenerator.swift */,
				849F270B25C9B2A800960F4C /* GameConst.swift */,
				849F270625C9B2A800960F4C /* GameScene.swift */,
				849F270725C9B2A800960F4C /* GameSceneCatch.swift */,
				849F270925C9B2A800960F4C /* GameScenePunch.swift */,
				849F270825C9B2A800960F4C /* GameSceneSurvive.swift */,
				849F270A25C9B2A800960F4C /* LevelDelegate.swift */,
			);
			name = Game;
			sourceTree = "<group>";
		};
		849F272325C9B31400960F4C /* Bullets */ = {
			isa = PBXGroup;
			children = (
				849F272425C9B31400960F4C /* BulletSuper.swift */,
				849F272525C9B31400960F4C /* Bullet.swift */,
			);
			name = Bullets;
			path = Models/Bullets;
			sourceTree = "<group>";
		};
		849F273625C9B34500960F4C /* Enemies */ = {
			isa = PBXGroup;
			children = (
				849F273725C9B34500960F4C /* EnemyFast.swift */,
				849F273825C9B34500960F4C /* Enemy.swift */,
				849F273925C9B34500960F4C /* Boss.swift */,
				849F273A25C9B34500960F4C /* EnemyStrong.swift */,
			);
			name = Enemies;
			path = Models/Enemies;
			sourceTree = "<group>";
		};
		849F275325C9B4EB00960F4C /* images */ = {
			isa = PBXGroup;
			children = (
				849F275425C9B4EB00960F4C /* btnnext.png */,
				849F275525C9B4EB00960F4C /* bullet.png */,
				849F275625C9B4EB00960F4C /* soundoff.png */,
				849F275725C9B4EB00960F4C /* Thumbs.db */,
				849F275825C9B4EB00960F4C /* buttongun.png */,
				849F275925C9B4EB00960F4C /* brizg5.png */,
				849F275A25C9B4EB00960F4C /* btnnazad.png */,
				849F275B25C9B4EB00960F4C /* brizg7.png */,
				849F275C25C9B4EB00960F4C /* enemy.png */,
				849F275D25C9B4EB00960F4C /* buttonbig.png */,
				849F275E25C9B4EB00960F4C /* bossd.png */,
				849F275F25C9B4EB00960F4C /* boss2.png */,
				849F276025C9B4EB00960F4C /* brizg6.png */,
				849F276125C9B4EB00960F4C /* btnback.png */,
				849F276225C9B4EB00960F4C /* rykaloose.png */,
				849F276325C9B4EB00960F4C /* klaksa3.png */,
				849F276425C9B4EB00960F4C /* rykawin.png */,
				849F276525C9B4EB00960F4C /* main.jpg */,
				849F276625C9B4EB00960F4C /* brizgblue.png */,
				849F276725C9B4EB00960F4C /* guncatchblue.png */,
				849F276825C9B4EB00960F4C /* klaksa2.png */,
				849F276925C9B4EB00960F4C /* boss.png */,
				849F276A25C9B4EB00960F4C /* btnres.png */,
				849F276B25C9B4EB00960F4C /* bos3.png */,
				849F276C25C9B4EB00960F4C /* player2.png */,
				849F276D25C9B4EB00960F4C /* btnremove.png */,
				849F276E25C9B4EB00960F4C /* deadred.png */,
				849F276F25C9B4EB00960F4C /* bullet3.png */,
				849F277025C9B4EB00960F4C /* btnrate.png */,
				849F277125C9B4EB00960F4C /* bullet2.png */,
				849F277225C9B4EB00960F4C /* sound.png */,
				849F277325C9B4EB00960F4C /* boss2d.png */,
				849F277425C9B4EB00960F4C /* guncatch.png */,
				849F277525C9B4EB00960F4C /* bullet1.png */,
				849F277625C9B4EB00960F4C /* musoff.png */,
				849F277725C9B4EB00960F4C /* btnzvezda.png */,
				849F277825C9B4EB00960F4C /* btnvpered.png */,
				849F277925C9B4EB00960F4C /* logo.png */,
				849F277A25C9B4EB00960F4C /* ryka.png */,
				849F277B25C9B4EB00960F4C /* winn.png */,
				849F277C25C9B4EB00960F4C /* ic_launcher.png */,
				849F277D25C9B4EB00960F4C /* dead1.png */,
				849F277E25C9B4EB00960F4C /* deadgreen.png */,
				849F277F25C9B4EB00960F4C /* fei.png */,
				849F278025C9B4EB00960F4C /* levl.png */,
				849F278125C9B4EB00960F4C /* enemy1.png */,
				849F278225C9B4EB00960F4C /* bos3d.png */,
				849F278325C9B4EB00960F4C /* scoreBackground.jpg */,
				849F278425C9B4EB00960F4C /* zbutton.png */,
				849F278525C9B4EB00960F4C /* enemy3.png */,
				849F278625C9B4EB00960F4C /* splits.png */,
				849F278725C9B4EB00960F4C /* enemy2.png */,
				849F278825C9B4EB00960F4C /* levl3.png */,
				849F278925C9B4EB00960F4C /* pause1.png */,
				849F278A25C9B4EB00960F4C /* loose.png */,
				849F278B25C9B4EB00960F4C /* levl2.png */,
				849F278C25C9B4EB00960F4C /* brizg8.png */,
				849F278D25C9B4EB00960F4C /* muson.png */,
				849F278E25C9B4EB00960F4C /* guncatchblack.png */,
				849F278F25C9B4EB00960F4C /* enemy4.png */,
				849F279025C9B4EB00960F4C /* levl1.png */,
				849F279125C9B4EB00960F4C /* live.png */,
			);
			name = images;
			path = Assets/images;
			sourceTree = "<group>";
		};
		849F279225C9B4EC00960F4C /* sounds */ = {
			isa = PBXGroup;
			children = (
				849F279325C9B4EC00960F4C /* pen_click.wav */,
				849F279425C9B4EC00960F4C /* pencil_drop.wav */,
				849F279525C9B4EC00960F4C /* paper_next.wav */,
				849F279625C9B4EC00960F4C /* pencil_write.wav */,
				849F279725C9B4EC00960F4C /* bg_music.wav */,
				849F279825C9B4EC00960F4C /* bonus.mp3 */,
				849F279925C9B4EC00960F4C /* success.wav */,
			);
			name = sounds;
			path = Assets/sounds;
			sourceTree = "<group>";
		};
		849F279F25C9B4EC00960F4C /* Fonts */ = {
			isa = PBXGroup;
			children = (
				849F27A025C9B4EC00960F4C /* beer money.ttf */,
				849F27A125C9B4EC00960F4C /* Fofer.otf */,
			);
			name = Fonts;
			path = Assets/Fonts;
			sourceTree = "<group>";
		};
		934E7137B03CD117AAD554CF /* Frameworks */ = {
			isa = PBXGroup;
			children = (
				84DDF1B12576B24100DB8B44 /* StoreKit.framework */,
			);
			name = Frameworks;
			sourceTree = "<group>";
		};
		EB90D964D112A118BFC63010 /* Pods */ = {
			isa = PBXGroup;
			children = (
				6AE00F254A1470F66DD5F644 /* Pods-PaintedMan.debug.xcconfig */,
				9C75993500F6BBAE2471088E /* Pods-PaintedMan.release.xcconfig */,
			);
			path = Pods;
			sourceTree = "<group>";
		};
/* End PBXGroup section */

/* Begin PBXNativeTarget section */
		841005A11FE0562E00A48CC3 /* PaintedMan */ = {
			isa = PBXNativeTarget;
			buildConfigurationList = 841005CA1FE0562E00A48CC3 /* Build configuration list for PBXNativeTarget "PaintedMan" */;
			buildPhases = (
				8F3D2696B4645AB2A5A992EB /* [CP] Check Pods Manifest.lock */,
				8410059E1FE0562E00A48CC3 /* Sources */,
				8410059F1FE0562E00A48CC3 /* Frameworks */,
				841005A01FE0562E00A48CC3 /* Resources */,
				28EEE2088EBB1C4385B72CF1 /* [CP] Embed Pods Frameworks */,
			);
			buildRules = (
			);
			dependencies = (
			);
			name = PaintedMan;
			productName = PaintedMan;
			productReference = 84ADC2BB1FE1B46B00D4FA04 /* PaintedMan.app */;
			productType = "com.apple.product-type.application";
		};
		841005B51FE0562E00A48CC3 /* PaintedManTests */ = {
			isa = PBXNativeTarget;
			buildConfigurationList = 841005CD1FE0562E00A48CC3 /* Build configuration list for PBXNativeTarget "PaintedManTests" */;
			buildPhases = (
				841005B21FE0562E00A48CC3 /* Sources */,
				841005B31FE0562E00A48CC3 /* Frameworks */,
				841005B41FE0562E00A48CC3 /* Resources */,
			);
			buildRules = (
			);
			dependencies = (
				841005B81FE0562E00A48CC3 /* PBXTargetDependency */,
			);
			name = PaintedManTests;
			productName = PaintedManTests;
			productReference = 84ADC2BC1FE1B46B00D4FA04 /* PaintedManTests.xctest */;
			productType = "com.apple.product-type.bundle.unit-test";
		};
		841005C01FE0562E00A48CC3 /* PaintedManUITests */ = {
			isa = PBXNativeTarget;
			buildConfigurationList = 841005D01FE0562E00A48CC3 /* Build configuration list for PBXNativeTarget "PaintedManUITests" */;
			buildPhases = (
				841005BD1FE0562E00A48CC3 /* Sources */,
				841005BE1FE0562E00A48CC3 /* Frameworks */,
				841005BF1FE0562E00A48CC3 /* Resources */,
			);
			buildRules = (
			);
			dependencies = (
				841005C31FE0562E00A48CC3 /* PBXTargetDependency */,
			);
			name = PaintedManUITests;
			productName = PaintedManUITests;
			productReference = 84ADC2BD1FE1B46B00D4FA04 /* PaintedManUITests.xctest */;
			productType = "com.apple.product-type.bundle.ui-testing";
		};
/* End PBXNativeTarget section */

/* Begin PBXProject section */
		8410059A1FE0562E00A48CC3 /* Project object */ = {
			isa = PBXProject;
			attributes = {
				LastSwiftUpdateCheck = 0830;
				LastUpgradeCheck = 1000;
				ORGANIZATIONNAME = GuessWho;
				TargetAttributes = {
					841005A11FE0562E00A48CC3 = {
						CreatedOnToolsVersion = 8.3.2;
						DevelopmentTeam = TN6FUKVBAS;
						LastSwiftMigration = 1150;
						ProvisioningStyle = Automatic;
					};
					841005B51FE0562E00A48CC3 = {
						CreatedOnToolsVersion = 8.3.2;
						LastSwiftMigration = 1150;
						ProvisioningStyle = Automatic;
						TestTargetID = 841005A11FE0562E00A48CC3;
					};
					841005C01FE0562E00A48CC3 = {
						CreatedOnToolsVersion = 8.3.2;
						LastSwiftMigration = 1150;
						ProvisioningStyle = Automatic;
						TestTargetID = 841005A11FE0562E00A48CC3;
					};
				};
			};
			buildConfigurationList = 8410059D1FE0562E00A48CC3 /* Build configuration list for PBXProject "PaintedMan" */;
			compatibilityVersion = "Xcode 3.2";
			developmentRegion = en;
			hasScannedForEncodings = 0;
			knownRegions = (
				en,
				Base,
			);
			mainGroup = 841005991FE0562E00A48CC3;
			productRefGroup = 841005991FE0562E00A48CC3;
			projectDirPath = "";
			projectRoot = "";
			targets = (
				841005A11FE0562E00A48CC3 /* PaintedMan */,
				841005B51FE0562E00A48CC3 /* PaintedManTests */,
				841005C01FE0562E00A48CC3 /* PaintedManUITests */,
			);
		};
/* End PBXProject section */

/* Begin PBXResourcesBuildPhase section */
		841005A01FE0562E00A48CC3 /* Resources */ = {
			isa = PBXResourcesBuildPhase;
			buildActionMask = 2147483647;
			files = (
				849F274A25C9B49E00960F4C /* Game.storyboard in Resources */,
				849F27DF25C9B4EC00960F4C /* enemy4.png in Resources */,
				849F27BA25C9B4EC00960F4C /* btnres.png in Resources */,
				849F27C025C9B4EC00960F4C /* btnrate.png in Resources */,
				849F27BC25C9B4EC00960F4C /* player2.png in Resources */,
				849F27B625C9B4EC00960F4C /* brizgblue.png in Resources */,
				849F27E425C9B4EC00960F4C /* paper_next.wav in Resources */,
				849F27AE25C9B4EC00960F4C /* bossd.png in Resources */,
				849F27B325C9B4EC00960F4C /* klaksa3.png in Resources */,
				849F27EF25C9B4EC00960F4C /* Fofer.otf in Resources */,
				849F27C625C9B4EC00960F4C /* musoff.png in Resources */,
				849F27BE25C9B4EC00960F4C /* deadred.png in Resources */,
				849F27B025C9B4EC00960F4C /* brizg6.png in Resources */,
				849F27BD25C9B4EC00960F4C /* btnremove.png in Resources */,
				849F27CF25C9B4EC00960F4C /* fei.png in Resources */,
				849F27C325C9B4EC00960F4C /* boss2d.png in Resources */,
				849F27B725C9B4EC00960F4C /* guncatchblue.png in Resources */,
				849F27C725C9B4EC00960F4C /* btnzvezda.png in Resources */,
				84B5C98424C596BF001E6EDE /* enemy.atlas in Resources */,
				849F274725C9B49E00960F4C /* PowerUpElementView.xib in Resources */,
				849F27AA25C9B4EC00960F4C /* btnnazad.png in Resources */,
				849F27C225C9B4EC00960F4C /* sound.png in Resources */,
				849F27D925C9B4EC00960F4C /* pause1.png in Resources */,
				849F27DC25C9B4EC00960F4C /* brizg8.png in Resources */,
				849F27B225C9B4EC00960F4C /* rykaloose.png in Resources */,
				849F27C825C9B4EC00960F4C /* btnvpered.png in Resources */,
				849F27EC25C9B4EC00960F4C /* Assets.xcassets in Resources */,
				849F27E225C9B4EC00960F4C /* pen_click.wav in Resources */,
				849F27B525C9B4EC00960F4C /* main.jpg in Resources */,
				849F27CC25C9B4EC00960F4C /* ic_launcher.png in Resources */,
				849F27C425C9B4EC00960F4C /* guncatch.png in Resources */,
				849F27A725C9B4EC00960F4C /* Thumbs.db in Resources */,
				849F27AB25C9B4EC00960F4C /* brizg7.png in Resources */,
				849F27CA25C9B4EC00960F4C /* ryka.png in Resources */,
				849F27E525C9B4EC00960F4C /* pencil_write.wav in Resources */,
				849F27B125C9B4EC00960F4C /* btnback.png in Resources */,
				849F27D225C9B4EC00960F4C /* bos3d.png in Resources */,
				84A3C72524C97DDE00D79183 /* GoogleService-Info.plist in Resources */,
				849F27B425C9B4EC00960F4C /* rykawin.png in Resources */,
				849F27D325C9B4EC00960F4C /* scoreBackground.jpg in Resources */,
				849F27CE25C9B4EC00960F4C /* deadgreen.png in Resources */,
				849F27E825C9B4EC00960F4C /* success.wav in Resources */,
				849F27E725C9B4EC00960F4C /* bonus.mp3 in Resources */,
				849F27DD25C9B4EC00960F4C /* muson.png in Resources */,
				849F27ED25C9B4EC00960F4C /* guncatchblack.atlas in Resources */,
				849F27D525C9B4EC00960F4C /* enemy3.png in Resources */,
				849F27D725C9B4EC00960F4C /* enemy2.png in Resources */,
				849F27E925C9B4EC00960F4C /* enemyblue.atlas in Resources */,
				849F27A325C9B4EC00960F4C /* guncatchblue.atlas in Resources */,
				849F27DE25C9B4EC00960F4C /* guncatchblack.png in Resources */,
				849F27AF25C9B4EC00960F4C /* boss2.png in Resources */,
				849F27D025C9B4EC00960F4C /* levl.png in Resources */,
				849F27D625C9B4EC00960F4C /* splits.png in Resources */,
				849F27D825C9B4EC00960F4C /* levl3.png in Resources */,
				849F27AC25C9B4EC00960F4C /* enemy.png in Resources */,
				849F27E125C9B4EC00960F4C /* live.png in Resources */,
				849F27D125C9B4EC00960F4C /* enemy1.png in Resources */,
				849F27C925C9B4EC00960F4C /* logo.png in Resources */,
				849F27A525C9B4EC00960F4C /* bullet.png in Resources */,
				849F27EB25C9B4EC00960F4C /* enemyred.atlas in Resources */,
				849F27DB25C9B4EC00960F4C /* levl2.png in Resources */,
				849F27A825C9B4EC00960F4C /* buttongun.png in Resources */,
				849F27E625C9B4EC00960F4C /* bg_music.wav in Resources */,
				849F27BF25C9B4EC00960F4C /* bullet3.png in Resources */,
				849F27DA25C9B4EC00960F4C /* loose.png in Resources */,
				849F27E025C9B4EC00960F4C /* levl1.png in Resources */,
				849F27CD25C9B4EC00960F4C /* dead1.png in Resources */,
				849F27A625C9B4EC00960F4C /* soundoff.png in Resources */,
				849F27F025C9B4EC00960F4C /* enemyreddamaged.atlas in Resources */,
				849F27D425C9B4EC00960F4C /* zbutton.png in Resources */,
				849F27C125C9B4EC00960F4C /* bullet2.png in Resources */,
				849F274825C9B49E00960F4C /* Main.storyboard in Resources */,
				849F27B825C9B4EC00960F4C /* klaksa2.png in Resources */,
				849F274925C9B49E00960F4C /* LaunchScreen.storyboard in Resources */,
				849F27CB25C9B4EC00960F4C /* winn.png in Resources */,
				849F27EE25C9B4EC00960F4C /* beer money.ttf in Resources */,
				849F27BB25C9B4EC00960F4C /* bos3.png in Resources */,
				849F27B925C9B4EC00960F4C /* boss.png in Resources */,
				849F27A925C9B4EC00960F4C /* brizg5.png in Resources */,
				849F27AD25C9B4EC00960F4C /* buttonbig.png in Resources */,
				849F27E325C9B4EC00960F4C /* pencil_drop.wav in Resources */,
				849F27C525C9B4EC00960F4C /* bullet1.png in Resources */,
				849F27EA25C9B4EC00960F4C /* guncatch.atlas in Resources */,
				849F27A425C9B4EC00960F4C /* btnnext.png in Resources */,
			);
			runOnlyForDeploymentPostprocessing = 0;
		};
		841005B41FE0562E00A48CC3 /* Resources */ = {
			isa = PBXResourcesBuildPhase;
			buildActionMask = 2147483647;
			files = (
			);
			runOnlyForDeploymentPostprocessing = 0;
		};
		841005BF1FE0562E00A48CC3 /* Resources */ = {
			isa = PBXResourcesBuildPhase;
			buildActionMask = 2147483647;
			files = (
			);
			runOnlyForDeploymentPostprocessing = 0;
		};
/* End PBXResourcesBuildPhase section */

/* Begin PBXShellScriptBuildPhase section */
		28EEE2088EBB1C4385B72CF1 /* [CP] Embed Pods Frameworks */ = {
			isa = PBXShellScriptBuildPhase;
			buildActionMask = 2147483647;
			files = (
			);
			inputPaths = (
				"${PODS_ROOT}/Target Support Files/Pods-PaintedMan/Pods-PaintedMan-frameworks.sh",
				"${BUILT_PRODUCTS_DIR}/Alamofire/Alamofire.framework",
				"${BUILT_PRODUCTS_DIR}/GoogleUtilities/GoogleUtilities.framework",
				"${BUILT_PRODUCTS_DIR}/PromisesObjC/FBLPromises.framework",
				"${BUILT_PRODUCTS_DIR}/nanopb/nanopb.framework",
			);
			name = "[CP] Embed Pods Frameworks";
			outputPaths = (
				"${TARGET_BUILD_DIR}/${FRAMEWORKS_FOLDER_PATH}/Alamofire.framework",
				"${TARGET_BUILD_DIR}/${FRAMEWORKS_FOLDER_PATH}/GoogleUtilities.framework",
				"${TARGET_BUILD_DIR}/${FRAMEWORKS_FOLDER_PATH}/FBLPromises.framework",
				"${TARGET_BUILD_DIR}/${FRAMEWORKS_FOLDER_PATH}/nanopb.framework",
			);
			runOnlyForDeploymentPostprocessing = 0;
			shellPath = /bin/sh;
			shellScript = "\"${PODS_ROOT}/Target Support Files/Pods-PaintedMan/Pods-PaintedMan-frameworks.sh\"\n";
			showEnvVarsInLog = 0;
		};
		8F3D2696B4645AB2A5A992EB /* [CP] Check Pods Manifest.lock */ = {
			isa = PBXShellScriptBuildPhase;
			buildActionMask = 2147483647;
			files = (
			);
			inputFileListPaths = (
			);
			inputPaths = (
				"${PODS_PODFILE_DIR_PATH}/Podfile.lock",
				"${PODS_ROOT}/Manifest.lock",
			);
			name = "[CP] Check Pods Manifest.lock";
			outputFileListPaths = (
			);
			outputPaths = (
				"$(DERIVED_FILE_DIR)/Pods-PaintedMan-checkManifestLockResult.txt",
			);
			runOnlyForDeploymentPostprocessing = 0;
			shellPath = /bin/sh;
			shellScript = "diff \"${PODS_PODFILE_DIR_PATH}/Podfile.lock\" \"${PODS_ROOT}/Manifest.lock\" > /dev/null\nif [ $? != 0 ] ; then\n    # print error to STDERR\n    echo \"error: The sandbox is not in sync with the Podfile.lock. Run 'pod install' or update your CocoaPods installation.\" >&2\n    exit 1\nfi\n# This output is used by Xcode 'outputs' to avoid re-running this script phase.\necho \"SUCCESS\" > \"${SCRIPT_OUTPUT_FILE_0}\"\n";
			showEnvVarsInLog = 0;
		};
/* End PBXShellScriptBuildPhase section */

/* Begin PBXSourcesBuildPhase section */
		8410059E1FE0562E00A48CC3 /* Sources */ = {
			isa = PBXSourcesBuildPhase;
			buildActionMask = 2147483647;
			files = (
				84A3C70724C724F600D79183 /* PowerUps.swift in Sources */,
				849F26F925C9B13500960F4C /* PowerUpController.swift in Sources */,
				849F271025C9B2A800960F4C /* GameScenePunch.swift in Sources */,
				849F273C25C9B34500960F4C /* Enemy.swift in Sources */,
				849F273D25C9B34500960F4C /* Boss.swift in Sources */,
				841005A61FE0562E00A48CC3 /* AppDelegate.swift in Sources */,
				849F271125C9B2A800960F4C /* LevelDelegate.swift in Sources */,
				849F274B25C9B49E00960F4C /* PowerUpElementView.swift in Sources */,
				849F273225C9B31400960F4C /* GunCatch.swift in Sources */,
				849F26FC25C9B13500960F4C /* BestViewController.swift in Sources */,
				849F273025C9B31400960F4C /* BulletSuper.swift in Sources */,
				849F26FB25C9B13500960F4C /* CampaignViewController.swift in Sources */,
				849F26F825C9B13500960F4C /* GamePauseViewController.swift in Sources */,
				849F26FA25C9B13500960F4C /* ModeViewController.swift in Sources */,
				849F272B25C9B31400960F4C /* BonusBubble.swift in Sources */,
				849F273125C9B31400960F4C /* Bullet.swift in Sources */,
				844DC7BA2175E41F002478DE /* Const.swift in Sources */,
				84DDF1B42576B2C800DB8B44 /* InAppPurchase.swift in Sources */,
				84A3C72724C98A9100D79183 /* AppStoreReviewManager.swift in Sources */,
				849F273B25C9B34500960F4C /* EnemyFast.swift in Sources */,
				849F272C25C9B31400960F4C /* CorpsePunch.swift in Sources */,
				849F270C25C9B2A800960F4C /* EnemyGenerator.swift in Sources */,
				849F26FE25C9B13500960F4C /* GameController.swift in Sources */,
				849F273E25C9B34500960F4C /* EnemyStrong.swift in Sources */,
				849F270F25C9B2A800960F4C /* GameSceneSurvive.swift in Sources */,
				849F270E25C9B2A800960F4C /* GameSceneCatch.swift in Sources */,
				849F272D25C9B31400960F4C /* Corpse.swift in Sources */,
				849F271225C9B2A800960F4C /* GameConst.swift in Sources */,
				84A3C70F24C8689000D79183 /* BonusDrop.swift in Sources */,
				849F272E25C9B31400960F4C /* CorpseCatch.swift in Sources */,
				849F270D25C9B2A800960F4C /* GameScene.swift in Sources */,
				849F272F25C9B31400960F4C /* Gun.swift in Sources */,
				84A3C71324C8D53500D79183 /* SoundDelegate.swift in Sources */,
				849F26FD25C9B13500960F4C /* MainViewController.swift in Sources */,
			);
			runOnlyForDeploymentPostprocessing = 0;
		};
		841005B21FE0562E00A48CC3 /* Sources */ = {
			isa = PBXSourcesBuildPhase;
			buildActionMask = 2147483647;
			files = (
				841005BB1FE0562E00A48CC3 /* PaintedManTests.swift in Sources */,
			);
			runOnlyForDeploymentPostprocessing = 0;
		};
		841005BD1FE0562E00A48CC3 /* Sources */ = {
			isa = PBXSourcesBuildPhase;
			buildActionMask = 2147483647;
			files = (
				841005C61FE0562E00A48CC3 /* PaintedManUITests.swift in Sources */,
			);
			runOnlyForDeploymentPostprocessing = 0;
		};
/* End PBXSourcesBuildPhase section */

/* Begin PBXTargetDependency section */
		841005B81FE0562E00A48CC3 /* PBXTargetDependency */ = {
			isa = PBXTargetDependency;
			target = 841005A11FE0562E00A48CC3 /* PaintedMan */;
			targetProxy = 841005B71FE0562E00A48CC3 /* PBXContainerItemProxy */;
		};
		841005C31FE0562E00A48CC3 /* PBXTargetDependency */ = {
			isa = PBXTargetDependency;
			target = 841005A11FE0562E00A48CC3 /* PaintedMan */;
			targetProxy = 841005C21FE0562E00A48CC3 /* PBXContainerItemProxy */;
		};
/* End PBXTargetDependency section */

/* Begin XCBuildConfiguration section */
		841005C81FE0562E00A48CC3 /* Debug */ = {
			isa = XCBuildConfiguration;
			buildSettings = {
				ALWAYS_SEARCH_USER_PATHS = NO;
				CLANG_ANALYZER_NONNULL = YES;
				CLANG_ANALYZER_NUMBER_OBJECT_CONVERSION = YES_AGGRESSIVE;
				CLANG_CXX_LANGUAGE_STANDARD = "gnu++0x";
				CLANG_CXX_LIBRARY = "libc++";
				CLANG_ENABLE_MODULES = YES;
				CLANG_ENABLE_OBJC_ARC = YES;
				CLANG_WARN_BLOCK_CAPTURE_AUTORELEASING = YES;
				CLANG_WARN_BOOL_CONVERSION = YES;
				CLANG_WARN_COMMA = YES;
				CLANG_WARN_CONSTANT_CONVERSION = YES;
				CLANG_WARN_DEPRECATED_OBJC_IMPLEMENTATIONS = YES;
				CLANG_WARN_DIRECT_OBJC_ISA_USAGE = YES_ERROR;
				CLANG_WARN_DOCUMENTATION_COMMENTS = YES;
				CLANG_WARN_EMPTY_BODY = YES;
				CLANG_WARN_ENUM_CONVERSION = YES;
				CLANG_WARN_INFINITE_RECURSION = YES;
				CLANG_WARN_INT_CONVERSION = YES;
				CLANG_WARN_NON_LITERAL_NULL_CONVERSION = YES;
				CLANG_WARN_OBJC_IMPLICIT_RETAIN_SELF = YES;
				CLANG_WARN_OBJC_LITERAL_CONVERSION = YES;
				CLANG_WARN_OBJC_ROOT_CLASS = YES_ERROR;
				CLANG_WARN_RANGE_LOOP_ANALYSIS = YES;
				CLANG_WARN_STRICT_PROTOTYPES = YES;
				CLANG_WARN_SUSPICIOUS_MOVE = YES;
				CLANG_WARN_UNREACHABLE_CODE = YES;
				CLANG_WARN__DUPLICATE_METHOD_MATCH = YES;
				"CODE_SIGN_IDENTITY[sdk=iphoneos*]" = "iPhone Developer";
				COPY_PHASE_STRIP = NO;
				DEBUG_INFORMATION_FORMAT = dwarf;
				ENABLE_STRICT_OBJC_MSGSEND = YES;
				ENABLE_TESTABILITY = YES;
				GCC_C_LANGUAGE_STANDARD = gnu99;
				GCC_DYNAMIC_NO_PIC = NO;
				GCC_NO_COMMON_BLOCKS = YES;
				GCC_OPTIMIZATION_LEVEL = 0;
				GCC_PREPROCESSOR_DEFINITIONS = (
					"DEBUG=1",
					"$(inherited)",
				);
				GCC_WARN_64_TO_32_BIT_CONVERSION = YES;
				GCC_WARN_ABOUT_RETURN_TYPE = YES_ERROR;
				GCC_WARN_UNDECLARED_SELECTOR = YES;
				GCC_WARN_UNINITIALIZED_AUTOS = YES_AGGRESSIVE;
				GCC_WARN_UNUSED_FUNCTION = YES;
				GCC_WARN_UNUSED_VARIABLE = YES;
				IPHONEOS_DEPLOYMENT_TARGET = 10.3;
				MTL_ENABLE_DEBUG_INFO = YES;
				ONLY_ACTIVE_ARCH = YES;
				SDKROOT = iphoneos;
				SWIFT_ACTIVE_COMPILATION_CONDITIONS = DEBUG;
				SWIFT_OPTIMIZATION_LEVEL = "-Onone";
				TARGETED_DEVICE_FAMILY = "1,2";
			};
			name = Debug;
		};
		841005C91FE0562E00A48CC3 /* Release */ = {
			isa = XCBuildConfiguration;
			buildSettings = {
				ALWAYS_SEARCH_USER_PATHS = NO;
				CLANG_ANALYZER_NONNULL = YES;
				CLANG_ANALYZER_NUMBER_OBJECT_CONVERSION = YES_AGGRESSIVE;
				CLANG_CXX_LANGUAGE_STANDARD = "gnu++0x";
				CLANG_CXX_LIBRARY = "libc++";
				CLANG_ENABLE_MODULES = YES;
				CLANG_ENABLE_OBJC_ARC = YES;
				CLANG_WARN_BLOCK_CAPTURE_AUTORELEASING = YES;
				CLANG_WARN_BOOL_CONVERSION = YES;
				CLANG_WARN_COMMA = YES;
				CLANG_WARN_CONSTANT_CONVERSION = YES;
				CLANG_WARN_DEPRECATED_OBJC_IMPLEMENTATIONS = YES;
				CLANG_WARN_DIRECT_OBJC_ISA_USAGE = YES_ERROR;
				CLANG_WARN_DOCUMENTATION_COMMENTS = YES;
				CLANG_WARN_EMPTY_BODY = YES;
				CLANG_WARN_ENUM_CONVERSION = YES;
				CLANG_WARN_INFINITE_RECURSION = YES;
				CLANG_WARN_INT_CONVERSION = YES;
				CLANG_WARN_NON_LITERAL_NULL_CONVERSION = YES;
				CLANG_WARN_OBJC_IMPLICIT_RETAIN_SELF = YES;
				CLANG_WARN_OBJC_LITERAL_CONVERSION = YES;
				CLANG_WARN_OBJC_ROOT_CLASS = YES_ERROR;
				CLANG_WARN_RANGE_LOOP_ANALYSIS = YES;
				CLANG_WARN_STRICT_PROTOTYPES = YES;
				CLANG_WARN_SUSPICIOUS_MOVE = YES;
				CLANG_WARN_UNREACHABLE_CODE = YES;
				CLANG_WARN__DUPLICATE_METHOD_MATCH = YES;
				"CODE_SIGN_IDENTITY[sdk=iphoneos*]" = "iPhone Developer";
				COPY_PHASE_STRIP = NO;
				DEBUG_INFORMATION_FORMAT = "dwarf-with-dsym";
				ENABLE_NS_ASSERTIONS = NO;
				ENABLE_STRICT_OBJC_MSGSEND = YES;
				GCC_C_LANGUAGE_STANDARD = gnu99;
				GCC_NO_COMMON_BLOCKS = YES;
				GCC_WARN_64_TO_32_BIT_CONVERSION = YES;
				GCC_WARN_ABOUT_RETURN_TYPE = YES_ERROR;
				GCC_WARN_UNDECLARED_SELECTOR = YES;
				GCC_WARN_UNINITIALIZED_AUTOS = YES_AGGRESSIVE;
				GCC_WARN_UNUSED_FUNCTION = YES;
				GCC_WARN_UNUSED_VARIABLE = YES;
				IPHONEOS_DEPLOYMENT_TARGET = 10.3;
				MTL_ENABLE_DEBUG_INFO = NO;
				SDKROOT = iphoneos;
				SWIFT_OPTIMIZATION_LEVEL = "-Owholemodule";
				TARGETED_DEVICE_FAMILY = "1,2";
				VALIDATE_PRODUCT = YES;
			};
			name = Release;
		};
		841005CB1FE0562E00A48CC3 /* Debug */ = {
			isa = XCBuildConfiguration;
			baseConfigurationReference = 6AE00F254A1470F66DD5F644 /* Pods-PaintedMan.debug.xcconfig */;
			buildSettings = {
				ASSETCATALOG_COMPILER_APPICON_NAME = AppIcon;
				CURRENT_PROJECT_VERSION = 2;
				DEVELOPMENT_TEAM = TN6FUKVBAS;
				INFOPLIST_FILE = PaintedMan/Info.plist;
				LD_RUNPATH_SEARCH_PATHS = "$(inherited) @executable_path/Frameworks";
				PRODUCT_BUNDLE_IDENTIFIER = guesswho.PaintedMan;
				PRODUCT_NAME = "$(TARGET_NAME)";
				SWIFT_SWIFT3_OBJC_INFERENCE = On;
				SWIFT_VERSION = 5.0;
			};
			name = Debug;
		};
		841005CC1FE0562E00A48CC3 /* Release */ = {
			isa = XCBuildConfiguration;
			baseConfigurationReference = 9C75993500F6BBAE2471088E /* Pods-PaintedMan.release.xcconfig */;
			buildSettings = {
				ASSETCATALOG_COMPILER_APPICON_NAME = AppIcon;
				CURRENT_PROJECT_VERSION = 2;
				DEVELOPMENT_TEAM = TN6FUKVBAS;
				INFOPLIST_FILE = PaintedMan/Info.plist;
				LD_RUNPATH_SEARCH_PATHS = "$(inherited) @executable_path/Frameworks";
				PRODUCT_BUNDLE_IDENTIFIER = guesswho.PaintedMan;
				PRODUCT_NAME = "$(TARGET_NAME)";
				SWIFT_SWIFT3_OBJC_INFERENCE = On;
				SWIFT_VERSION = 5.0;
			};
			name = Release;
		};
		841005CE1FE0562E00A48CC3 /* Debug */ = {
			isa = XCBuildConfiguration;
			buildSettings = {
				ALWAYS_EMBED_SWIFT_STANDARD_LIBRARIES = YES;
				BUNDLE_LOADER = "$(TEST_HOST)";
				INFOPLIST_FILE = PaintedManTests/Info.plist;
				LD_RUNPATH_SEARCH_PATHS = "$(inherited) @executable_path/Frameworks @loader_path/Frameworks";
				PRODUCT_BUNDLE_IDENTIFIER = guesswho.PaintedManTests;
				PRODUCT_NAME = "$(TARGET_NAME)";
				SWIFT_SWIFT3_OBJC_INFERENCE = On;
				SWIFT_VERSION = 5.0;
				TEST_HOST = "$(BUILT_PRODUCTS_DIR)/PaintedMan.app/PaintedMan";
			};
			name = Debug;
		};
		841005CF1FE0562E00A48CC3 /* Release */ = {
			isa = XCBuildConfiguration;
			buildSettings = {
				ALWAYS_EMBED_SWIFT_STANDARD_LIBRARIES = YES;
				BUNDLE_LOADER = "$(TEST_HOST)";
				INFOPLIST_FILE = PaintedManTests/Info.plist;
				LD_RUNPATH_SEARCH_PATHS = "$(inherited) @executable_path/Frameworks @loader_path/Frameworks";
				PRODUCT_BUNDLE_IDENTIFIER = guesswho.PaintedManTests;
				PRODUCT_NAME = "$(TARGET_NAME)";
				SWIFT_SWIFT3_OBJC_INFERENCE = On;
				SWIFT_VERSION = 5.0;
				TEST_HOST = "$(BUILT_PRODUCTS_DIR)/PaintedMan.app/PaintedMan";
			};
			name = Release;
		};
		841005D11FE0562E00A48CC3 /* Debug */ = {
			isa = XCBuildConfiguration;
			buildSettings = {
				ALWAYS_EMBED_SWIFT_STANDARD_LIBRARIES = YES;
				INFOPLIST_FILE = PaintedManUITests/Info.plist;
				LD_RUNPATH_SEARCH_PATHS = "$(inherited) @executable_path/Frameworks @loader_path/Frameworks";
				PRODUCT_BUNDLE_IDENTIFIER = guesswho.PaintedManUITests;
				PRODUCT_NAME = "$(TARGET_NAME)";
				SWIFT_SWIFT3_OBJC_INFERENCE = On;
				SWIFT_VERSION = 5.0;
				TEST_TARGET_NAME = PaintedMan;
			};
			name = Debug;
		};
		841005D21FE0562E00A48CC3 /* Release */ = {
			isa = XCBuildConfiguration;
			buildSettings = {
				ALWAYS_EMBED_SWIFT_STANDARD_LIBRARIES = YES;
				INFOPLIST_FILE = PaintedManUITests/Info.plist;
				LD_RUNPATH_SEARCH_PATHS = "$(inherited) @executable_path/Frameworks @loader_path/Frameworks";
				PRODUCT_BUNDLE_IDENTIFIER = guesswho.PaintedManUITests;
				PRODUCT_NAME = "$(TARGET_NAME)";
				SWIFT_SWIFT3_OBJC_INFERENCE = On;
				SWIFT_VERSION = 5.0;
				TEST_TARGET_NAME = PaintedMan;
			};
			name = Release;
		};
/* End XCBuildConfiguration section */

/* Begin XCConfigurationList section */
		8410059D1FE0562E00A48CC3 /* Build configuration list for PBXProject "PaintedMan" */ = {
			isa = XCConfigurationList;
			buildConfigurations = (
				841005C81FE0562E00A48CC3 /* Debug */,
				841005C91FE0562E00A48CC3 /* Release */,
			);
			defaultConfigurationIsVisible = 0;
			defaultConfigurationName = Release;
		};
		841005CA1FE0562E00A48CC3 /* Build configuration list for PBXNativeTarget "PaintedMan" */ = {
			isa = XCConfigurationList;
			buildConfigurations = (
				841005CB1FE0562E00A48CC3 /* Debug */,
				841005CC1FE0562E00A48CC3 /* Release */,
			);
			defaultConfigurationIsVisible = 0;
			defaultConfigurationName = Release;
		};
		841005CD1FE0562E00A48CC3 /* Build configuration list for PBXNativeTarget "PaintedManTests" */ = {
			isa = XCConfigurationList;
			buildConfigurations = (
				841005CE1FE0562E00A48CC3 /* Debug */,
				841005CF1FE0562E00A48CC3 /* Release */,
			);
			defaultConfigurationIsVisible = 0;
			defaultConfigurationName = Release;
		};
		841005D01FE0562E00A48CC3 /* Build configuration list for PBXNativeTarget "PaintedManUITests" */ = {
			isa = XCConfigurationList;
			buildConfigurations = (
				841005D11FE0562E00A48CC3 /* Debug */,
				841005D21FE0562E00A48CC3 /* Release */,
			);
			defaultConfigurationIsVisible = 0;
			defaultConfigurationName = Release;
		};
/* End XCConfigurationList section */
	};
	rootObject = 8410059A1FE0562E00A48CC3 /* Project object */;
}
